
Microsoft Visual Studio Solution File, Format Version 12.00
# Visual Studio Version 17
VisualStudioVersion = 17.6.33815.320
MinimumVisualStudioVersion = 10.0.40219.1
Project("{FAE04EC0-301F-11D3-BF4B-00C04F79EFBC}") = "DiabCleanAPI.API", "DiabCleanAPI.API\DiabCleanAPI.API.csproj", "{120DF4F1-F818-4369-A9E6-2F9D0E894AC6}"
EndProject
Project("{FAE04EC0-301F-11D3-BF4B-00C04F79EFBC}") = "DiabCleanAPI.Application", "DiabCleanAPI.Application\DiabCleanAPI.Application.csproj", "{74AB0BFC-D6A7-41B5-B034-2204CA7FD378}"
EndProject
Project("{FAE04EC0-301F-11D3-BF4B-00C04F79EFBC}") = "DiabCleanAPI.Infrastructure", "DiabCleanAPI.Infrastructure\DiabCleanAPI.Infrastructure.csproj", "{4919488A-D841-4A45-9E33-9DC8E2C987D2}"
EndProject
Project("{FAE04EC0-301F-11D3-BF4B-00C04F79EFBC}") = "DiabCleanAPI.Domain", "DiabCleanAPI.Domain\DiabCleanAPI.Domain.csproj", "{6317C5AC-CB67-4E5D-9B4D-2DCD25457000}"
EndProject
Project("{FAE04EC0-301F-11D3-BF4B-00C04F79EFBC}") = "DiabCleanAPI.Shared", "DiabCleanAPI.Shared\DiabCleanAPI.Shared.csproj", "{80A01700-E93F-43FB-8770-463375DCA933}"
EndProject
Global
	GlobalSection(SolutionConfigurationPlatforms) = preSolution
		Debug|Any CPU = Debug|Any CPU
		Release|Any CPU = Release|Any CPU
	EndGlobalSection
	GlobalSection(ProjectConfigurationPlatforms) = postSolution
		{120DF4F1-F818-4369-A9E6-2F9D0E894AC6}.Debug|Any CPU.ActiveCfg = Debug|Any CPU
		{120DF4F1-F818-4369-A9E6-2F9D0E894AC6}.Debug|Any CPU.Build.0 = Debug|Any CPU
		{120DF4F1-F818-4369-A9E6-2F9D0E894AC6}.Release|Any CPU.ActiveCfg = Release|Any CPU
		{120DF4F1-F818-4369-A9E6-2F9D0E894AC6}.Release|Any CPU.Build.0 = Release|Any CPU
		{74AB0BFC-D6A7-41B5-B034-2204CA7FD378}.Debug|Any CPU.ActiveCfg = Debug|Any CPU
		{74AB0BFC-D6A7-41B5-B034-2204CA7FD378}.Debug|Any CPU.Build.0 = Debug|Any CPU
		{74AB0BFC-D6A7-41B5-B034-2204CA7FD378}.Release|Any CPU.ActiveCfg = Release|Any CPU
		{74AB0BFC-D6A7-41B5-B034-2204CA7FD378}.Release|Any CPU.Build.0 = Release|Any CPU
		{4919488A-D841-4A45-9E33-9DC8E2C987D2}.Debug|Any CPU.ActiveCfg = Debug|Any CPU
		{4919488A-D841-4A45-9E33-9DC8E2C987D2}.Debug|Any CPU.Build.0 = Debug|Any CPU
		{4919488A-D841-4A45-9E33-9DC8E2C987D2}.Release|Any CPU.ActiveCfg = Release|Any CPU
		{4919488A-D841-4A45-9E33-9DC8E2C987D2}.Release|Any CPU.Build.0 = Release|Any CPU
		{6317C5AC-CB67-4E5D-9B4D-2DCD25457000}.Debug|Any CPU.ActiveCfg = Debug|Any CPU
		{6317C5AC-CB67-4E5D-9B4D-2DCD25457000}.Debug|Any CPU.Build.0 = Debug|Any CPU
		{6317C5AC-CB67-4E5D-9B4D-2DCD25457000}.Release|Any CPU.ActiveCfg = Release|Any CPU
		{6317C5AC-CB67-4E5D-9B4D-2DCD25457000}.Release|Any CPU.Build.0 = Release|Any CPU
		{80A01700-E93F-43FB-8770-463375DCA933}.Debug|Any CPU.ActiveCfg = Debug|Any CPU
		{80A01700-E93F-43FB-8770-463375DCA933}.Debug|Any CPU.Build.0 = Debug|Any CPU
		{80A01700-E93F-43FB-8770-463375DCA933}.Release|Any CPU.ActiveCfg = Release|Any CPU
		{80A01700-E93F-43FB-8770-463375DCA933}.Release|Any CPU.Build.0 = Release|Any CPU
	EndGlobalSection
	GlobalSection(SolutionProperties) = preSolution
		HideSolutionNode = FALSE
	EndGlobalSection
	GlobalSection(ExtensibilityGlobals) = postSolution
		SolutionGuid = {6B8BFA30-F8B6-4FD4-A094-EF8B5DAE37E7}
	EndGlobalSection
EndGlobal
