
Microsoft Visual Studio Solution File, Format Version 12.00
# Visual Studio Version 17
VisualStudioVersion = 17.6.33815.320
MinimumVisualStudioVersion = 10.0.40219.1
Project("{9A19103F-16F7-4668-BE54-9A1E7A4F7556}") = "DiabCleanAPI.API", "DiabCleanAPI.API\DiabCleanAPI.API.csproj", "{120DF4F1-F818-4369-A9E6-2F9D0E894AC6}"
EndProject
Project("{FAE04EC0-301F-11D3-BF4B-00C04F79EFBC}") = "DiabCleanAPI.Domain", "DiabCleanAPI1.Domain\DiabCleanAPI.Domain.csproj", "{73CF5143-5B1A-4727-B62B-5C8A8D1EFC8C}"
EndProject
Project("{FAE04EC0-301F-11D3-BF4B-00C04F79EFBC}") = "DiabCleanAPI.Application", "DiabCleanAPI1.Application\DiabCleanAPI.Application.csproj", "{203CB6AC-9837-4E2A-8168-A1E2D7E4D27B}"
EndProject
Project("{FAE04EC0-301F-11D3-BF4B-00C04F79EFBC}") = "DiabCleanAPI.Infrastructure", "DiabCleanAPI1.Infrastructure\DiabCleanAPI.Infrastructure.csproj", "{0DA81602-A6E2-406E-8A8D-597287108937}"
EndProject
Project("{FAE04EC0-301F-11D3-BF4B-00C04F79EFBC}") = "DiabCleanAPI.Shared", "DiabCleanAPI1.Shared\DiabCleanAPI.Shared.csproj", "{A145E2C7-127F-4630-A966-75AC4CBD9270}"
EndProject
Global
	GlobalSection(SolutionConfigurationPlatforms) = preSolution
		Debug|Any CPU = Debug|Any CPU
		Release|Any CPU = Release|Any CPU
	EndGlobalSection
	GlobalSection(ProjectConfigurationPlatforms) = postSolution
		{120DF4F1-F818-4369-A9E6-2F9D0E894AC6}.Debug|Any CPU.ActiveCfg = Debug|Any CPU
		{120DF4F1-F818-4369-A9E6-2F9D0E894AC6}.Debug|Any CPU.Build.0 = Debug|Any CPU
		{120DF4F1-F818-4369-A9E6-2F9D0E894AC6}.Release|Any CPU.ActiveCfg = Release|Any CPU
		{120DF4F1-F818-4369-A9E6-2F9D0E894AC6}.Release|Any CPU.Build.0 = Release|Any CPU
		{73CF5143-5B1A-4727-B62B-5C8A8D1EFC8C}.Debug|Any CPU.ActiveCfg = Debug|Any CPU
		{73CF5143-5B1A-4727-B62B-5C8A8D1EFC8C}.Debug|Any CPU.Build.0 = Debug|Any CPU
		{73CF5143-5B1A-4727-B62B-5C8A8D1EFC8C}.Release|Any CPU.ActiveCfg = Release|Any CPU
		{73CF5143-5B1A-4727-B62B-5C8A8D1EFC8C}.Release|Any CPU.Build.0 = Release|Any CPU
		{203CB6AC-9837-4E2A-8168-A1E2D7E4D27B}.Debug|Any CPU.ActiveCfg = Debug|Any CPU
		{203CB6AC-9837-4E2A-8168-A1E2D7E4D27B}.Debug|Any CPU.Build.0 = Debug|Any CPU
		{203CB6AC-9837-4E2A-8168-A1E2D7E4D27B}.Release|Any CPU.ActiveCfg = Release|Any CPU
		{203CB6AC-9837-4E2A-8168-A1E2D7E4D27B}.Release|Any CPU.Build.0 = Release|Any CPU
		{0DA81602-A6E2-406E-8A8D-597287108937}.Debug|Any CPU.ActiveCfg = Debug|Any CPU
		{0DA81602-A6E2-406E-8A8D-597287108937}.Debug|Any CPU.Build.0 = Debug|Any CPU
		{0DA81602-A6E2-406E-8A8D-597287108937}.Release|Any CPU.ActiveCfg = Release|Any CPU
		{0DA81602-A6E2-406E-8A8D-597287108937}.Release|Any CPU.Build.0 = Release|Any CPU
		{A145E2C7-127F-4630-A966-75AC4CBD9270}.Debug|Any CPU.ActiveCfg = Debug|Any CPU
		{A145E2C7-127F-4630-A966-75AC4CBD9270}.Debug|Any CPU.Build.0 = Debug|Any CPU
		{A145E2C7-127F-4630-A966-75AC4CBD9270}.Release|Any CPU.ActiveCfg = Release|Any CPU
		{A145E2C7-127F-4630-A966-75AC4CBD9270}.Release|Any CPU.Build.0 = Release|Any CPU
	EndGlobalSection
	GlobalSection(SolutionProperties) = preSolution
		HideSolutionNode = FALSE
	EndGlobalSection
	GlobalSection(ExtensibilityGlobals) = postSolution
		SolutionGuid = {6B8BFA30-F8B6-4FD4-A094-EF8B5DAE37E7}
	EndGlobalSection
EndGlobal
